
Microsoft Visual Studio Solution File, Format Version 12.00
Project("{FAE04EC0-301F-11D3-BF4B-00C04F79EFBC}") = "Thuja", "Thuja.Core\Thuja.csproj", "{B2651245-E112-4339-94F1-54562822805E}"
EndProject
Project("{FAE04EC0-301F-11D3-BF4B-00C04F79EFBC}") = "Thuja.Winforms", "Thuja.Winforms\Thuja.Winforms.csproj", "{F7C27FF3-7F06-478A-B012-55DD046CE576}"
EndProject
Global
	GlobalSection(SolutionConfigurationPlatforms) = preSolution
		Debug|Any CPU = Debug|Any CPU
		Release|Any CPU = Release|Any CPU
	EndGlobalSection
	GlobalSection(ProjectConfigurationPlatforms) = postSolution
		{B2651245-E112-4339-94F1-54562822805E}.Debug|Any CPU.ActiveCfg = Debug|Any CPU
		{B2651245-E112-4339-94F1-54562822805E}.Debug|Any CPU.Build.0 = Debug|Any CPU
		{B2651245-E112-4339-94F1-54562822805E}.Release|Any CPU.ActiveCfg = Release|Any CPU
		{B2651245-E112-4339-94F1-54562822805E}.Release|Any CPU.Build.0 = Release|Any CPU
		{F7C27FF3-7F06-478A-B012-55DD046CE576}.Debug|Any CPU.ActiveCfg = Debug|Any CPU
		{F7C27FF3-7F06-478A-B012-55DD046CE576}.Debug|Any CPU.Build.0 = Debug|Any CPU
		{F7C27FF3-7F06-478A-B012-55DD046CE576}.Release|Any CPU.ActiveCfg = Release|Any CPU
		{F7C27FF3-7F06-478A-B012-55DD046CE576}.Release|Any CPU.Build.0 = Release|Any CPU
	EndGlobalSection
EndGlobal
